Microsoft Visual Studio Solution File, Format Version 12.00
# Visual Studio Version 17
VisualStudioVersion = 17.14.36401.2 d17.14
MinimumVisualStudioVersion = 10.0.40219.1
Project("{2150E333-8FDC-42A3-9474-1A3956D46DE8}") = "src", "src", "{CDAFD080-CB10-41E5-B454-AD0693B203D8}"
EndProject
Project("{2150E333-8FDC-42A3-9474-1A3956D46DE8}") = "WebMVC", "WebMVC", "{6C080BE2-505E-41DA-8800-37E9F90817A0}"
EndProject
Project("{2150E333-8FDC-42A3-9474-1A3956D46DE8}") = "WebAPI", "WebAPI", "{AD8455C3-FB4A-49F4-9644-F3905FB03BF7}"
EndProject
Project("{2150E333-8FDC-42A3-9474-1A3956D46DE8}") = "Domain", "Domain", "{96C73ECE-4165-4396-ACD5-5ACF8F4F97AC}"
EndProject
Project("{2150E333-8FDC-42A3-9474-1A3956D46DE8}") = "Infrastructure", "Infrastructure", "{AEB93E2F-1387-4949-8439-D91F4A75FA5C}"
EndProject
Project("{9A19103F-16F7-4668-BE54-9A1E7A4F7556}") = "eShop.Web", "WebMVC\eShop.Web.csproj", "{1A2C26FA-8B5F-4991-A714-06A2E3982668}"
EndProject
Project("{9A19103F-16F7-4668-BE54-9A1E7A4F7556}") = "eShop.Domain", "eShop.Domain\eShop.Domain.csproj", "{BED11818-4762-4151-BF3D-DDBD4D012A2F}"
EndProject
Project("{9A19103F-16F7-4668-BE54-9A1E7A4F7556}") = "eShop.Repository.EntityFramework", "eShop.Repository.EntityFramework\eShop.Repository.EntityFramework.csproj", "{1BAD0B15-728C-408E-BDAA-3C03318C35C9}"
EndProject
Project("{9A19103F-16F7-4668-BE54-9A1E7A4F7556}") = "eShop.WebApi", "WebAPI\eShop.WebApi.csproj", "{23FE5BF9-CF94-4B44-A416-771562AE032C}"
EndProject
Project("{E53339B2-1760-4266-BCC7-CA923CBCF16C}") = "docker-compose", "docker-compose.dcproj", "{F94293A4-E24D-407B-988F-BB28992E0E35}"
EndProject
Global
	GlobalSection(SolutionConfigurationPlatforms) = preSolution
		Debug|Any CPU = Debug|Any CPU
		Release|Any CPU = Release|Any CPU
	EndGlobalSection
	GlobalSection(ProjectConfigurationPlatforms) = postSolution
		{1A2C26FA-8B5F-4991-A714-06A2E3982668}.Debug|Any CPU.ActiveCfg = Debug|Any CPU
		{1A2C26FA-8B5F-4991-A714-06A2E3982668}.Debug|Any CPU.Build.0 = Debug|Any CPU
		{1A2C26FA-8B5F-4991-A714-06A2E3982668}.Release|Any CPU.ActiveCfg = Release|Any CPU
		{1A2C26FA-8B5F-4991-A714-06A2E3982668}.Release|Any CPU.Build.0 = Release|Any CPU
		{BED11818-4762-4151-BF3D-DDBD4D012A2F}.Debug|Any CPU.ActiveCfg = Debug|Any CPU
		{BED11818-4762-4151-BF3D-DDBD4D012A2F}.Debug|Any CPU.Build.0 = Debug|Any CPU
		{BED11818-4762-4151-BF3D-DDBD4D012A2F}.Release|Any CPU.ActiveCfg = Release|Any CPU
		{BED11818-4762-4151-BF3D-DDBD4D012A2F}.Release|Any CPU.Build.0 = Release|Any CPU
		{1BAD0B15-728C-408E-BDAA-3C03318C35C9}.Debug|Any CPU.ActiveCfg = Debug|Any CPU
		{1BAD0B15-728C-408E-BDAA-3C03318C35C9}.Debug|Any CPU.Build.0 = Debug|Any CPU
		{1BAD0B15-728C-408E-BDAA-3C03318C35C9}.Release|Any CPU.ActiveCfg = Release|Any CPU
		{1BAD0B15-728C-408E-BDAA-3C03318C35C9}.Release|Any CPU.Build.0 = Release|Any CPU
		{23FE5BF9-CF94-4B44-A416-771562AE032C}.Debug|Any CPU.ActiveCfg = Debug|Any CPU
		{23FE5BF9-CF94-4B44-A416-771562AE032C}.Debug|Any CPU.Build.0 = Debug|Any CPU
		{23FE5BF9-CF94-4B44-A416-771562AE032C}.Release|Any CPU.ActiveCfg = Release|Any CPU
		{23FE5BF9-CF94-4B44-A416-771562AE032C}.Release|Any CPU.Build.0 = Release|Any CPU
		{F94293A4-E24D-407B-988F-BB28992E0E35}.Debug|Any CPU.ActiveCfg = Debug|Any CPU
		{F94293A4-E24D-407B-988F-BB28992E0E35}.Debug|Any CPU.Build.0 = Debug|Any CPU
		{F94293A4-E24D-407B-988F-BB28992E0E35}.Release|Any CPU.ActiveCfg = Release|Any CPU
		{F94293A4-E24D-407B-988F-BB28992E0E35}.Release|Any CPU.Build.0 = Release|Any CPU
	EndGlobalSection
	GlobalSection(SolutionProperties) = preSolution
		HideSolutionNode = FALSE
	EndGlobalSection
	GlobalSection(NestedProjects) = preSolution
		{6C080BE2-505E-41DA-8800-37E9F90817A0} = {CDAFD080-CB10-41E5-B454-AD0693B203D8}
		{AD8455C3-FB4A-49F4-9644-F3905FB03BF7} = {CDAFD080-CB10-41E5-B454-AD0693B203D8}
		{96C73ECE-4165-4396-ACD5-5ACF8F4F97AC} = {CDAFD080-CB10-41E5-B454-AD0693B203D8}
		{AEB93E2F-1387-4949-8439-D91F4A75FA5C} = {CDAFD080-CB10-41E5-B454-AD0693B203D8}
		{1A2C26FA-8B5F-4991-A714-06A2E3982668} = {6C080BE2-505E-41DA-8800-37E9F90817A0}
		{BED11818-4762-4151-BF3D-DDBD4D012A2F} = {96C73ECE-4165-4396-ACD5-5ACF8F4F97AC}
		{1BAD0B15-728C-408E-BDAA-3C03318C35C9} = {AEB93E2F-1387-4949-8439-D91F4A75FA5C}
		{23FE5BF9-CF94-4B44-A416-771562AE032C} = {AD8455C3-FB4A-49F4-9644-F3905FB03BF7}
	EndGlobalSection
	GlobalSection(ExtensibilityGlobals) = postSolution
		SolutionGuid = {90689377-404D-4709-8681-D6EDC4BD74F5}
	EndGlobalSection
EndGlobal
